// !$*UTF8*$!
{
	archiveVersion = 1;
	classes = {
	};
	objectVersion = 55;
	objects = {

/* Begin PBXBuildFile section */
		85127F2A2757024E007F7809 /* Diary.swift in Sources */ = {isa = PBXBuildFile; fileRef = 85127F292757024E007F7809 /* Diary.swift */; };
		85FD35D1274E0F1600F4BB9C /* AppDelegate.swift in Sources */ = {isa = PBXBuildFile; fileRef = 85FD35D0274E0F1600F4BB9C /* AppDelegate.swift */; };
		85FD35D3274E0F1600F4BB9C /* SceneDelegate.swift in Sources */ = {isa = PBXBuildFile; fileRef = 85FD35D2274E0F1600F4BB9C /* SceneDelegate.swift */; };
		85FD35D5274E0F1600F4BB9C /* ViewController.swift in Sources */ = {isa = PBXBuildFile; fileRef = 85FD35D4274E0F1600F4BB9C /* ViewController.swift */; };
		85FD35D8274E0F1600F4BB9C /* Main.storyboard in Resources */ = {isa = PBXBuildFile; fileRef = 85FD35D6274E0F1600F4BB9C /* Main.storyboard */; };
		85FD35DA274E0F1A00F4BB9C /* Assets.xcassets in Resources */ = {isa = PBXBuildFile; fileRef = 85FD35D9274E0F1A00F4BB9C /* Assets.xcassets */; };
		85FD35DD274E0F1A00F4BB9C /* LaunchScreen.storyboard in Resources */ = {isa = PBXBuildFile; fileRef = 85FD35DB274E0F1A00F4BB9C /* LaunchScreen.storyboard */; };
		85FD35E5274E138000F4BB9C /* DiaryCollectionViewCell.swift in Sources */ = {isa = PBXBuildFile; fileRef = 85FD35E4274E138000F4BB9C /* DiaryCollectionViewCell.swift */; };
		85FD35E7274E141300F4BB9C /* StarViewController.swift in Sources */ = {isa = PBXBuildFile; fileRef = 85FD35E6274E141300F4BB9C /* StarViewController.swift */; };
		85FD35E9274E153800F4BB9C /* StarCollectionViewCell.swift in Sources */ = {isa = PBXBuildFile; fileRef = 85FD35E8274E153800F4BB9C /* StarCollectionViewCell.swift */; };
		85FD35EB274E1BAE00F4BB9C /* WriteDiaryViewController.swift in Sources */ = {isa = PBXBuildFile; fileRef = 85FD35EA274E1BAE00F4BB9C /* WriteDiaryViewController.swift */; };
		85FD35ED274E1C2000F4BB9C /* DiaryDetailViewController.swift in Sources */ = {isa = PBXBuildFile; fileRef = 85FD35EC274E1C2000F4BB9C /* DiaryDetailViewController.swift */; };
/* End PBXBuildFile section */

/* Begin PBXFileReference section */
		85127F292757024E007F7809 /* Diary.swift */ = {isa = PBXFileReference; lastKnownFileType = sourcecode.swift; path = Diary.swift; sourceTree = "<group>"; };
		85FD35CD274E0F1600F4BB9C /* Diary.app */ = {isa = PBXFileReference; explicitFileType = wrapper.application; includeInIndex = 0; path = Diary.app; sourceTree = BUILT_PRODUCTS_DIR; };
		85FD35D0274E0F1600F4BB9C /* AppDelegate.swift */ = {isa = PBXFileReference; lastKnownFileType = sourcecode.swift; path = AppDelegate.swift; sourceTree = "<group>"; };
		85FD35D2274E0F1600F4BB9C /* SceneDelegate.swift */ = {isa = PBXFileReference; lastKnownFileType = sourcecode.swift; path = SceneDelegate.swift; sourceTree = "<group>"; };
		85FD35D4274E0F1600F4BB9C /* ViewController.swift */ = {isa = PBXFileReference; lastKnownFileType = sourcecode.swift; path = ViewController.swift; sourceTree = "<group>"; };
		85FD35D7274E0F1600F4BB9C /* Base */ = {isa = PBXFileReference; lastKnownFileType = file.storyboard; name = Base; path = Base.lproj/Main.storyboard; sourceTree = "<group>"; };
		85FD35D9274E0F1A00F4BB9C /* Assets.xcassets */ = {isa = PBXFileReference; lastKnownFileType = folder.assetcatalog; path = Assets.xcassets; sourceTree = "<group>"; };
		85FD35DC274E0F1A00F4BB9C /* Base */ = {isa = PBXFileReference; lastKnownFileType = file.storyboard; name = Base; path = Base.lproj/LaunchScreen.storyboard; sourceTree = "<group>"; };
		85FD35DE274E0F1A00F4BB9C /* Info.plist */ = {isa = PBXFileReference; lastKnownFileType = text.plist.xml; path = Info.plist; sourceTree = "<group>"; };
		85FD35E4274E138000F4BB9C /* DiaryCollectionViewCell.swift */ = {isa = PBXFileReference; lastKnownFileType = sourcecode.swift; path = DiaryCollectionViewCell.swift; sourceTree = "<group>"; };
		85FD35E6274E141300F4BB9C /* StarViewController.swift */ = {isa = PBXFileReference; lastKnownFileType = sourcecode.swift; path = StarViewController.swift; sourceTree = "<group>"; };
		85FD35E8274E153800F4BB9C /* StarCollectionViewCell.swift */ = {isa = PBXFileReference; lastKnownFileType = sourcecode.swift; path = StarCollectionViewCell.swift; sourceTree = "<group>"; };
		85FD35EA274E1BAE00F4BB9C /* WriteDiaryViewController.swift */ = {isa = PBXFileReference; lastKnownFileType = sourcecode.swift; path = WriteDiaryViewController.swift; sourceTree = "<group>"; };
		85FD35EC274E1C2000F4BB9C /* DiaryDetailViewController.swift */ = {isa = PBXFileReference; lastKnownFileType = sourcecode.swift; path = DiaryDetailViewController.swift; sourceTree = "<group>"; };
/* End PBXFileReference section */

/* Begin PBXFrameworksBuildPhase section */
		85FD35CA274E0F1600F4BB9C /* Frameworks */ = {
			isa = PBXFrameworksBuildPhase;
			buildActionMask = 2147483647;
			files = (
			);
			runOnlyForDeploymentPostprocessing = 0;
		};
/* End PBXFrameworksBuildPhase section */

/* Begin PBXGroup section */
		85FD35C4274E0F1600F4BB9C = {
			isa = PBXGroup;
			children = (
				85FD35CF274E0F1600F4BB9C /* Diary */,
				85FD35CE274E0F1600F4BB9C /* Products */,
			);
			sourceTree = "<group>";
		};
		85FD35CE274E0F1600F4BB9C /* Products */ = {
			isa = PBXGroup;
			children = (
				85FD35CD274E0F1600F4BB9C /* Diary.app */,
			);
			name = Products;
			sourceTree = "<group>";
		};
		85FD35CF274E0F1600F4BB9C /* Diary */ = {
			isa = PBXGroup;
			children = (
				85FD35D0274E0F1600F4BB9C /* AppDelegate.swift */,
				85FD35D2274E0F1600F4BB9C /* SceneDelegate.swift */,
				85FD35D6274E0F1600F4BB9C /* Main.storyboard */,
				85FD35D4274E0F1600F4BB9C /* ViewController.swift */,
				85FD35EA274E1BAE00F4BB9C /* WriteDiaryViewController.swift */,
				85FD35E4274E138000F4BB9C /* DiaryCollectionViewCell.swift */,
				85127F292757024E007F7809 /* Diary.swift */,
				85FD35EC274E1C2000F4BB9C /* DiaryDetailViewController.swift */,
				85FD35E6274E141300F4BB9C /* StarViewController.swift */,
				85FD35E8274E153800F4BB9C /* StarCollectionViewCell.swift */,
				85FD35D9274E0F1A00F4BB9C /* Assets.xcassets */,
				85FD35DB274E0F1A00F4BB9C /* LaunchScreen.storyboard */,
				85FD35DE274E0F1A00F4BB9C /* Info.plist */,
			);
			path = Diary;
			sourceTree = "<group>";
		};
/* End PBXGroup section */

/* Begin PBXNativeTarget section */
		85FD35CC274E0F1600F4BB9C /* Diary */ = {
			isa = PBXNativeTarget;
			buildConfigurationList = 85FD35E1274E0F1A00F4BB9C /* Build configuration list for PBXNativeTarget "Diary" */;
			buildPhases = (
				85FD35C9274E0F1600F4BB9C /* Sources */,
				85FD35CA274E0F1600F4BB9C /* Frameworks */,
				85FD35CB274E0F1600F4BB9C /* Resources */,
			);
			buildRules = (
			);
			dependencies = (
			);
			name = Diary;
			productName = Diary;
			productReference = 85FD35CD274E0F1600F4BB9C /* Diary.app */;
			productType = "com.apple.product-type.application";
		};
/* End PBXNativeTarget section */

/* Begin PBXProject section */
		85FD35C5274E0F1600F4BB9C /* Project object */ = {
			isa = PBXProject;
			attributes = {
				BuildIndependentTargetsInParallel = 1;
				LastSwiftUpdateCheck = 1310;
				LastUpgradeCheck = 1310;
				TargetAttributes = {
					85FD35CC274E0F1600F4BB9C = {
						CreatedOnToolsVersion = 13.1;
					};
				};
			};
			buildConfigurationList = 85FD35C8274E0F1600F4BB9C /* Build configuration list for PBXProject "Diary" */;
			compatibilityVersion = "Xcode 13.0";
			developmentRegion = en;
			hasScannedForEncodings = 0;
			knownRegions = (
				en,
				Base,
			);
			mainGroup = 85FD35C4274E0F1600F4BB9C;
			productRefGroup = 85FD35CE274E0F1600F4BB9C /* Products */;
			projectDirPath = "";
			projectRoot = "";
			targets = (
				85FD35CC274E0F1600F4BB9C /* Diary */,
			);
		};
/* End PBXProject section */

/* Begin PBXResourcesBuildPhase section */
		85FD35CB274E0F1600F4BB9C /* Resources */ = {
			isa = PBXResourcesBuildPhase;
			buildActionMask = 2147483647;
			files = (
				85FD35DD274E0F1A00F4BB9C /* LaunchScreen.storyboard in Resources */,
				85FD35DA274E0F1A00F4BB9C /* Assets.xcassets in Resources */,
				85FD35D8274E0F1600F4BB9C /* Main.storyboard in Resources */,
			);
			runOnlyForDeploymentPostprocessing = 0;
		};
/* End PBXResourcesBuildPhase section */

/* Begin PBXSourcesBuildPhase section */
		85FD35C9274E0F1600F4BB9C /* Sources */ = {
			isa = PBXSourcesBuildPhase;
			buildActionMask = 2147483647;
			files = (
				85FD35E5274E138000F4BB9C /* DiaryCollectionViewCell.swift in Sources */,
				85FD35EB274E1BAE00F4BB9C /* WriteDiaryViewController.swift in Sources */,
				85FD35D5274E0F1600F4BB9C /* ViewController.swift in Sources */,
				85FD35E9274E153800F4BB9C /* StarCollectionViewCell.swift in Sources */,
				85FD35D1274E0F1600F4BB9C /* AppDelegate.swift in Sources */,
				85127F2A2757024E007F7809 /* Diary.swift in Sources */,
				85FD35D3274E0F1600F4BB9C /* SceneDelegate.swift in Sources */,
				85FD35ED274E1C2000F4BB9C /* DiaryDetailViewController.swift in Sources */,
				85FD35E7274E141300F4BB9C /* StarViewController.swift in Sources */,
			);
			runOnlyForDeploymentPostprocessing = 0;
		};
/* End PBXSourcesBuildPhase section */

/* Begin PBXVariantGroup section */
		85FD35D6274E0F1600F4BB9C /* Main.storyboard */ = {
			isa = PBXVariantGroup;
			children = (
				85FD35D7274E0F1600F4BB9C /* Base */,
			);
			name = Main.storyboard;
			sourceTree = "<group>";
		};
		85FD35DB274E0F1A00F4BB9C /* LaunchScreen.storyboard */ = {
			isa = PBXVariantGroup;
			children = (
				85FD35DC274E0F1A00F4BB9C /* Base */,
			);
			name = LaunchScreen.storyboard;
			sourceTree = "<group>";
		};
/* End PBXVariantGroup section */

/* Begin XCBuildConfiguration section */
		85FD35DF274E0F1A00F4BB9C /* Debug */ = {
			isa = XCBuildConfiguration;
			buildSettings = {
				ALWAYS_SEARCH_USER_PATHS = NO;
				CLANG_ANALYZER_NONNULL = YES;
				CLANG_ANALYZER_NUMBER_OBJECT_CONVERSION = YES_AGGRESSIVE;
				CLANG_CXX_LANGUAGE_STANDARD = "gnu++17";
				CLANG_CXX_LIBRARY = "libc++";
				CLANG_ENABLE_MODULES = YES;
				CLANG_ENABLE_OBJC_ARC = YES;
				CLANG_ENABLE_OBJC_WEAK = YES;
				CLANG_WARN_BLOCK_CAPTURE_AUTORELEASING = YES;
				CLANG_WARN_BOOL_CONVERSION = YES;
				CLANG_WARN_COMMA = YES;
				CLANG_WARN_CONSTANT_CONVERSION = YES;
				CLANG_WARN_DEPRECATED_OBJC_IMPLEMENTATIONS = YES;
				CLANG_WARN_DIRECT_OBJC_ISA_USAGE = YES_ERROR;
				CLANG_WARN_DOCUMENTATION_COMMENTS = YES;
				CLANG_WARN_EMPTY_BODY = YES;
				CLANG_WARN_ENUM_CONVERSION = YES;
				CLANG_WARN_INFINITE_RECURSION = YES;
				CLANG_WARN_INT_CONVERSION = YES;
				CLANG_WARN_NON_LITERAL_NULL_CONVERSION = YES;
				CLANG_WARN_OBJC_IMPLICIT_RETAIN_SELF = YES;
				CLANG_WARN_OBJC_LITERAL_CONVERSION = YES;
				CLANG_WARN_OBJC_ROOT_CLASS = YES_ERROR;
				CLANG_WARN_QUOTED_INCLUDE_IN_FRAMEWORK_HEADER = YES;
				CLANG_WARN_RANGE_LOOP_ANALYSIS = YES;
				CLANG_WARN_STRICT_PROTOTYPES = YES;
				CLANG_WARN_SUSPICIOUS_MOVE = YES;
				CLANG_WARN_UNGUARDED_AVAILABILITY = YES_AGGRESSIVE;
				CLANG_WARN_UNREACHABLE_CODE = YES;
				CLANG_WARN__DUPLICATE_METHOD_MATCH = YES;
				COPY_PHASE_STRIP = NO;
				DEBUG_INFORMATION_FORMAT = dwarf;
				ENABLE_STRICT_OBJC_MSGSEND = YES;
				ENABLE_TESTABILITY = YES;
				GCC_C_LANGUAGE_STANDARD = gnu11;
				GCC_DYNAMIC_NO_PIC = NO;
				GCC_NO_COMMON_BLOCKS = YES;
				GCC_OPTIMIZATION_LEVEL = 0;
				GCC_PREPROCESSOR_DEFINITIONS = (
					"DEBUG=1",
					"$(inherited)",
				);
				GCC_WARN_64_TO_32_BIT_CONVERSION = YES;
				GCC_WARN_ABOUT_RETURN_TYPE = YES_ERROR;
				GCC_WARN_UNDECLARED_SELECTOR = YES;
				GCC_WARN_UNINITIALIZED_AUTOS = YES_AGGRESSIVE;
				GCC_WARN_UNUSED_FUNCTION = YES;
				GCC_WARN_UNUSED_VARIABLE = YES;
				IPHONEOS_DEPLOYMENT_TARGET = 15.0;
				MTL_ENABLE_DEBUG_INFO = INCLUDE_SOURCE;
				MTL_FAST_MATH = YES;
				ONLY_ACTIVE_ARCH = YES;
				SDKROOT = iphoneos;
				SWIFT_ACTIVE_COMPILATION_CONDITIONS = DEBUG;
				SWIFT_OPTIMIZATION_LEVEL = "-Onone";
			};
			name = Debug;
		};
		85FD35E0274E0F1A00F4BB9C /* Release */ = {
			isa = XCBuildConfiguration;
			buildSettings = {
				ALWAYS_SEARCH_USER_PATHS = NO;
				CLANG_ANALYZER_NONNULL = YES;
				CLANG_ANALYZER_NUMBER_OBJECT_CONVERSION = YES_AGGRESSIVE;
				CLANG_CXX_LANGUAGE_STANDARD = "gnu++17";
				CLANG_CXX_LIBRARY = "libc++";
				CLANG_ENABLE_MODULES = YES;
				CLANG_ENABLE_OBJC_ARC = YES;
				CLANG_ENABLE_OBJC_WEAK = YES;
				CLANG_WARN_BLOCK_CAPTURE_AUTORELEASING = YES;
				CLANG_WARN_BOOL_CONVERSION = YES;
				CLANG_WARN_COMMA = YES;
				CLANG_WARN_CONSTANT_CONVERSION = YES;
				CLANG_WARN_DEPRECATED_OBJC_IMPLEMENTATIONS = YES;
				CLANG_WARN_DIRECT_OBJC_ISA_USAGE = YES_ERROR;
				CLANG_WARN_DOCUMENTATION_COMMENTS = YES;
				CLANG_WARN_EMPTY_BODY = YES;
				CLANG_WARN_ENUM_CONVERSION = YES;
				CLANG_WARN_INFINITE_RECURSION = YES;
				CLANG_WARN_INT_CONVERSION = YES;
				CLANG_WARN_NON_LITERAL_NULL_CONVERSION = YES;
				CLANG_WARN_OBJC_IMPLICIT_RETAIN_SELF = YES;
				CLANG_WARN_OBJC_LITERAL_CONVERSION = YES;
				CLANG_WARN_OBJC_ROOT_CLASS = YES_ERROR;
				CLANG_WARN_QUOTED_INCLUDE_IN_FRAMEWORK_HEADER = YES;
				CLANG_WARN_RANGE_LOOP_ANALYSIS = YES;
				CLANG_WARN_STRICT_PROTOTYPES = YES;
				CLANG_WARN_SUSPICIOUS_MOVE = YES;
				CLANG_WARN_UNGUARDED_AVAILABILITY = YES_AGGRESSIVE;
				CLANG_WARN_UNREACHABLE_CODE = YES;
				CLANG_WARN__DUPLICATE_METHOD_MATCH = YES;
				COPY_PHASE_STRIP = NO;
				DEBUG_INFORMATION_FORMAT = "dwarf-with-dsym";
				ENABLE_NS_ASSERTIONS = NO;
				ENABLE_STRICT_OBJC_MSGSEND = YES;
				GCC_C_LANGUAGE_STANDARD = gnu11;
				GCC_NO_COMMON_BLOCKS = YES;
				GCC_WARN_64_TO_32_BIT_CONVERSION = YES;
				GCC_WARN_ABOUT_RETURN_TYPE = YES_ERROR;
				GCC_WARN_UNDECLARED_SELECTOR = YES;
				GCC_WARN_UNINITIALIZED_AUTOS = YES_AGGRESSIVE;
				GCC_WARN_UNUSED_FUNCTION = YES;
				GCC_WARN_UNUSED_VARIABLE = YES;
				IPHONEOS_DEPLOYMENT_TARGET = 15.0;
				MTL_ENABLE_DEBUG_INFO = NO;
				MTL_FAST_MATH = YES;
				SDKROOT = iphoneos;
				SWIFT_COMPILATION_MODE = wholemodule;
				SWIFT_OPTIMIZATION_LEVEL = "-O";
				VALIDATE_PRODUCT = YES;
			};
			name = Release;
		};
		85FD35E2274E0F1A00F4BB9C /* Debug */ = {
			isa = XCBuildConfiguration;
			buildSettings = {
				ASSETCATALOG_COMPILER_APPICON_NAME = AppIcon;
				ASSETCATALOG_COMPILER_GLOBAL_ACCENT_COLOR_NAME = AccentColor;
				CODE_SIGN_STYLE = Automatic;
				CURRENT_PROJECT_VERSION = 1;
				DEVELOPMENT_TEAM = NP729NCZV3;
				GENERATE_INFOPLIST_FILE = YES;
				INFOPLIST_FILE = Diary/Info.plist;
				INFOPLIST_KEY_UIApplicationSupportsIndirectInputEvents = YES;
				INFOPLIST_KEY_UILaunchStoryboardName = LaunchScreen;
				INFOPLIST_KEY_UIMainStoryboardFile = Main;
				INFOPLIST_KEY_UISupportedInterfaceOrientations_iPad = "UIInterfaceOrientationPortrait UIInterfaceOrientationPortraitUpsideDown UIInterfaceOrientationLandscapeLeft UIInterfaceOrientationLandscapeRight";
				INFOPLIST_KEY_UISupportedInterfaceOrientations_iPhone = "UIInterfaceOrientationPortrait UIInterfaceOrientationLandscapeLeft UIInterfaceOrientationLandscapeRight";
				LD_RUNPATH_SEARCH_PATHS = (
					"$(inherited)",
					"@executable_path/Frameworks",
				);
				MARKETING_VERSION = 1.0;
				PRODUCT_BUNDLE_IDENTIFIER = com.bnkcapital.next.Diary;
				PRODUCT_NAME = "$(TARGET_NAME)";
				SWIFT_EMIT_LOC_STRINGS = YES;
				SWIFT_VERSION = 5.0;
				TARGETED_DEVICE_FAMILY = "1,2";
			};
			name = Debug;
		};
		85FD35E3274E0F1A00F4BB9C /* Release */ = {
			isa = XCBuildConfiguration;
			buildSettings = {
				ASSETCATALOG_COMPILER_APPICON_NAME = AppIcon;
				ASSETCATALOG_COMPILER_GLOBAL_ACCENT_COLOR_NAME = AccentColor;
				CODE_SIGN_STYLE = Automatic;
				CURRENT_PROJECT_VERSION = 1;
				DEVELOPMENT_TEAM = NP729NCZV3;
				GENERATE_INFOPLIST_FILE = YES;
				INFOPLIST_FILE = Diary/Info.plist;
				INFOPLIST_KEY_UIApplicationSupportsIndirectInputEvents = YES;
				INFOPLIST_KEY_UILaunchStoryboardName = LaunchScreen;
				INFOPLIST_KEY_UIMainStoryboardFile = Main;
				INFOPLIST_KEY_UISupportedInterfaceOrientations_iPad = "UIInterfaceOrientationPortrait UIInterfaceOrientationPortraitUpsideDown UIInterfaceOrientationLandscapeLeft UIInterfaceOrientationLandscapeRight";
				INFOPLIST_KEY_UISupportedInterfaceOrientations_iPhone = "UIInterfaceOrientationPortrait UIInterfaceOrientationLandscapeLeft UIInterfaceOrientationLandscapeRight";
				LD_RUNPATH_SEARCH_PATHS = (
					"$(inherited)",
					"@executable_path/Frameworks",
				);
				MARKETING_VERSION = 1.0;
				PRODUCT_BUNDLE_IDENTIFIER = com.bnkcapital.next.Diary;
				PRODUCT_NAME = "$(TARGET_NAME)";
				SWIFT_EMIT_LOC_STRINGS = YES;
				SWIFT_VERSION = 5.0;
				TARGETED_DEVICE_FAMILY = "1,2";
			};
			name = Release;
		};
/* End XCBuildConfiguration section */

/* Begin XCConfigurationList section */
		85FD35C8274E0F1600F4BB9C /* Build configuration list for PBXProject "Diary" */ = {
			isa = XCConfigurationList;
			buildConfigurations = (
				85FD35DF274E0F1A00F4BB9C /* Debug */,
				85FD35E0274E0F1A00F4BB9C /* Release */,
			);
			defaultConfigurationIsVisible = 0;
			defaultConfigurationName = Release;
		};
		85FD35E1274E0F1A00F4BB9C /* Build configuration list for PBXNativeTarget "Diary" */ = {
			isa = XCConfigurationList;
			buildConfigurations = (
				85FD35E2274E0F1A00F4BB9C /* Debug */,
				85FD35E3274E0F1A00F4BB9C /* Release */,
			);
			defaultConfigurationIsVisible = 0;
			defaultConfigurationName = Release;
		};
/* End XCConfigurationList section */
	};
	rootObject = 85FD35C5274E0F1600F4BB9C /* Project object */;
}
